
Microsoft Visual Studio Solution File, Format Version 12.00
# Visual Studio 15
VisualStudioVersion = 15.0.26730.12
MinimumVisualStudioVersion = 10.0.40219.1
Project("{FAE04EC0-301F-11D3-BF4B-00C04F79EFBC}") = "MockEksamen2", "MockEksamen2\MockEksamen2.csproj", "{C0CB2BFE-80FE-43D3-BD72-CD1D38D317F0}"
EndProject
Project("{FAE04EC0-301F-11D3-BF4B-00C04F79EFBC}") = "MockEksamen2Tests", "MockEksamen2Tests\MockEksamen2Tests.csproj", "{D6EB471A-EE55-4AD3-A693-84C23AE9D0FF}"
EndProject
Global
	GlobalSection(SolutionConfigurationPlatforms) = preSolution
		Debug|Any CPU = Debug|Any CPU
		Release|Any CPU = Release|Any CPU
	EndGlobalSection
	GlobalSection(ProjectConfigurationPlatforms) = postSolution
		{C0CB2BFE-80FE-43D3-BD72-CD1D38D317F0}.Debug|Any CPU.ActiveCfg = Debug|Any CPU
		{C0CB2BFE-80FE-43D3-BD72-CD1D38D317F0}.Debug|Any CPU.Build.0 = Debug|Any CPU
		{C0CB2BFE-80FE-43D3-BD72-CD1D38D317F0}.Release|Any CPU.ActiveCfg = Release|Any CPU
		{C0CB2BFE-80FE-43D3-BD72-CD1D38D317F0}.Release|Any CPU.Build.0 = Release|Any CPU
		{D6EB471A-EE55-4AD3-A693-84C23AE9D0FF}.Debug|Any CPU.ActiveCfg = Debug|Any CPU
		{D6EB471A-EE55-4AD3-A693-84C23AE9D0FF}.Debug|Any CPU.Build.0 = Debug|Any CPU
		{D6EB471A-EE55-4AD3-A693-84C23AE9D0FF}.Release|Any CPU.ActiveCfg = Release|Any CPU
		{D6EB471A-EE55-4AD3-A693-84C23AE9D0FF}.Release|Any CPU.Build.0 = Release|Any CPU
	EndGlobalSection
	GlobalSection(SolutionProperties) = preSolution
		HideSolutionNode = FALSE
	EndGlobalSection
	GlobalSection(ExtensibilityGlobals) = postSolution
		SolutionGuid = {19CA2B4B-9556-4E45-81A4-67BD9BC052CE}
	EndGlobalSection
EndGlobal
